// !$*UTF8*$!
{
	archiveVersion = 1;
	classes = {
	};
	objectVersion = 77;
	objects = {

/* Begin PBXBuildFile section */
		46A7670B93DF75C79E15F1B2 /* Pods_techtrain_book_reviewer_mvvmUITests.framework in Frameworks */ = {isa = PBXBuildFile; fileRef = 5D2630883855EE35B295D065 /* Pods_techtrain_book_reviewer_mvvmUITests.framework */; };
		6B2D7568BB454756E90A8F65 /* Pods_techtrain_book_reviewer_mvvm.framework in Frameworks */ = {isa = PBXBuildFile; fileRef = B1AC6CF2D8045C6F1F08C426 /* Pods_techtrain_book_reviewer_mvvm.framework */; };
		F17476F9B7E191CC96EEDAAC /* Pods_techtrain_book_reviewer_mvvmTests.framework in Frameworks */ = {isa = PBXBuildFile; fileRef = 6B3CEA8BE011CFFD55724B36 /* Pods_techtrain_book_reviewer_mvvmTests.framework */; };
/* End PBXBuildFile section */

/* Begin PBXContainerItemProxy section */
		1BF12C4C2D1E4CC2006B5C34 /* PBXContainerItemProxy */ = {
			isa = PBXContainerItemProxy;
			containerPortal = 1BF12C292D1E4CBF006B5C34 /* Project object */;
			proxyType = 1;
			remoteGlobalIDString = 1BF12C302D1E4CBF006B5C34;
			remoteInfo = techtrain_book_reviewer_mvvm;
		};
		1BF12C562D1E4CC2006B5C34 /* PBXContainerItemProxy */ = {
			isa = PBXContainerItemProxy;
			containerPortal = 1BF12C292D1E4CBF006B5C34 /* Project object */;
			proxyType = 1;
			remoteGlobalIDString = 1BF12C302D1E4CBF006B5C34;
			remoteInfo = techtrain_book_reviewer_mvvm;
		};
/* End PBXContainerItemProxy section */

/* Begin PBXFileReference section */
		1BF12C312D1E4CBF006B5C34 /* techtrain_book_reviewer_mvvm.app */ = {isa = PBXFileReference; explicitFileType = wrapper.application; includeInIndex = 0; path = techtrain_book_reviewer_mvvm.app; sourceTree = BUILT_PRODUCTS_DIR; };
		1BF12C4B2D1E4CC2006B5C34 /* techtrain_book_reviewer_mvvmTests.xctest */ = {isa = PBXFileReference; explicitFileType = wrapper.cfbundle; includeInIndex = 0; path = techtrain_book_reviewer_mvvmTests.xctest; sourceTree = BUILT_PRODUCTS_DIR; };
		1BF12C552D1E4CC2006B5C34 /* techtrain_book_reviewer_mvvmUITests.xctest */ = {isa = PBXFileReference; explicitFileType = wrapper.cfbundle; includeInIndex = 0; path = techtrain_book_reviewer_mvvmUITests.xctest; sourceTree = BUILT_PRODUCTS_DIR; };
		5D2630883855EE35B295D065 /* Pods_techtrain_book_reviewer_mvvmUITests.framework */ = {isa = PBXFileReference; explicitFileType = wrapper.framework; includeInIndex = 0; path = Pods_techtrain_book_reviewer_mvvmUITests.framework; sourceTree = BUILT_PRODUCTS_DIR; };
		6B3CEA8BE011CFFD55724B36 /* Pods_techtrain_book_reviewer_mvvmTests.framework */ = {isa = PBXFileReference; explicitFileType = wrapper.framework; includeInIndex = 0; path = Pods_techtrain_book_reviewer_mvvmTests.framework; sourceTree = BUILT_PRODUCTS_DIR; };
		6D1096BBF4C74C7EACC74AE0 /* Pods-techtrain_book_reviewer_mvvm-techtrain_book_reviewer_mvvmUITests.debug.xcconfig */ = {isa = PBXFileReference; includeInIndex = 1; lastKnownFileType = text.xcconfig; name = "Pods-techtrain_book_reviewer_mvvm-techtrain_book_reviewer_mvvmUITests.debug.xcconfig"; path = "Target Support Files/Pods-techtrain_book_reviewer_mvvm-techtrain_book_reviewer_mvvmUITests/Pods-techtrain_book_reviewer_mvvm-techtrain_book_reviewer_mvvmUITests.debug.xcconfig"; sourceTree = "<group>"; };
		747DFFE4DC119F874DF7ADBF /* Pods-techtrain_book_reviewer_mvvmUITests.release.xcconfig */ = {isa = PBXFileReference; includeInIndex = 1; lastKnownFileType = text.xcconfig; name = "Pods-techtrain_book_reviewer_mvvmUITests.release.xcconfig"; path = "Target Support Files/Pods-techtrain_book_reviewer_mvvmUITests/Pods-techtrain_book_reviewer_mvvmUITests.release.xcconfig"; sourceTree = "<group>"; };
		967F42283F77034799B58541 /* Pods-techtrain_book_reviewer_mvvmTests.debug.xcconfig */ = {isa = PBXFileReference; includeInIndex = 1; lastKnownFileType = text.xcconfig; name = "Pods-techtrain_book_reviewer_mvvmTests.debug.xcconfig"; path = "Target Support Files/Pods-techtrain_book_reviewer_mvvmTests/Pods-techtrain_book_reviewer_mvvmTests.debug.xcconfig"; sourceTree = "<group>"; };
		A1B621810F2A57D0B6B1745C /* Pods-techtrain_book_reviewer_mvvm.release.xcconfig */ = {isa = PBXFileReference; includeInIndex = 1; lastKnownFileType = text.xcconfig; name = "Pods-techtrain_book_reviewer_mvvm.release.xcconfig"; path = "Target Support Files/Pods-techtrain_book_reviewer_mvvm/Pods-techtrain_book_reviewer_mvvm.release.xcconfig"; sourceTree = "<group>"; };
		A92073706E46FC1EC786C376 /* Pods-techtrain_book_reviewer_mvvm-techtrain_book_reviewer_mvvmUITests.release.xcconfig */ = {isa = PBXFileReference; includeInIndex = 1; lastKnownFileType = text.xcconfig; name = "Pods-techtrain_book_reviewer_mvvm-techtrain_book_reviewer_mvvmUITests.release.xcconfig"; path = "Target Support Files/Pods-techtrain_book_reviewer_mvvm-techtrain_book_reviewer_mvvmUITests/Pods-techtrain_book_reviewer_mvvm-techtrain_book_reviewer_mvvmUITests.release.xcconfig"; sourceTree = "<group>"; };
		B1AC6CF2D8045C6F1F08C426 /* Pods_techtrain_book_reviewer_mvvm.framework */ = {isa = PBXFileReference; explicitFileType = wrapper.framework; includeInIndex = 0; path = Pods_techtrain_book_reviewer_mvvm.framework; sourceTree = BUILT_PRODUCTS_DIR; };
		D7E62ACFD05C4698FDB5ED9F /* Pods-techtrain_book_reviewer_mvvmUITests.debug.xcconfig */ = {isa = PBXFileReference; includeInIndex = 1; lastKnownFileType = text.xcconfig; name = "Pods-techtrain_book_reviewer_mvvmUITests.debug.xcconfig"; path = "Target Support Files/Pods-techtrain_book_reviewer_mvvmUITests/Pods-techtrain_book_reviewer_mvvmUITests.debug.xcconfig"; sourceTree = "<group>"; };
		EE9997E17577F579D8E56373 /* Pods-techtrain_book_reviewer_mvvm.debug.xcconfig */ = {isa = PBXFileReference; includeInIndex = 1; lastKnownFileType = text.xcconfig; name = "Pods-techtrain_book_reviewer_mvvm.debug.xcconfig"; path = "Target Support Files/Pods-techtrain_book_reviewer_mvvm/Pods-techtrain_book_reviewer_mvvm.debug.xcconfig"; sourceTree = "<group>"; };
		FEE85476DA66F710E16070E0 /* Pods-techtrain_book_reviewer_mvvmTests.release.xcconfig */ = {isa = PBXFileReference; includeInIndex = 1; lastKnownFileType = text.xcconfig; name = "Pods-techtrain_book_reviewer_mvvmTests.release.xcconfig"; path = "Target Support Files/Pods-techtrain_book_reviewer_mvvmTests/Pods-techtrain_book_reviewer_mvvmTests.release.xcconfig"; sourceTree = "<group>"; };
/* End PBXFileReference section */

/* Begin PBXFileSystemSynchronizedBuildFileExceptionSet section */
		1BF12C5D2D1E4CC2006B5C34 /* Exceptions for "techtrain_book_reviewer_mvvm" folder in "techtrain_book_reviewer_mvvm" target */ = {
			isa = PBXFileSystemSynchronizedBuildFileExceptionSet;
			membershipExceptions = (
				Info.plist,
			);
			target = 1BF12C302D1E4CBF006B5C34 /* techtrain_book_reviewer_mvvm */;
		};
/* End PBXFileSystemSynchronizedBuildFileExceptionSet section */

/* Begin PBXFileSystemSynchronizedRootGroup section */
		1BF12C332D1E4CBF006B5C34 /* techtrain_book_reviewer_mvvm */ = {
			isa = PBXFileSystemSynchronizedRootGroup;
			exceptions = (
				1BF12C5D2D1E4CC2006B5C34 /* Exceptions for "techtrain_book_reviewer_mvvm" folder in "techtrain_book_reviewer_mvvm" target */,
			);
			path = techtrain_book_reviewer_mvvm;
			sourceTree = "<group>";
		};
		1BF12C4E2D1E4CC2006B5C34 /* techtrain_book_reviewer_mvvmTests */ = {
			isa = PBXFileSystemSynchronizedRootGroup;
			exceptions = (
			);
			path = techtrain_book_reviewer_mvvmTests;
			sourceTree = "<group>";
		};
		1BF12C582D1E4CC2006B5C34 /* techtrain_book_reviewer_mvvmUITests */ = {
			isa = PBXFileSystemSynchronizedRootGroup;
			exceptions = (
			);
			path = techtrain_book_reviewer_mvvmUITests;
			sourceTree = "<group>";
		};
/* End PBXFileSystemSynchronizedRootGroup section */

/* Begin PBXFrameworksBuildPhase section */
		1BF12C2E2D1E4CBF006B5C34 /* Frameworks */ = {
			isa = PBXFrameworksBuildPhase;
			buildActionMask = 2147483647;
			files = (
				6B2D7568BB454756E90A8F65 /* Pods_techtrain_book_reviewer_mvvm.framework in Frameworks */,
			);
			runOnlyForDeploymentPostprocessing = 0;
		};
		1BF12C482D1E4CC2006B5C34 /* Frameworks */ = {
			isa = PBXFrameworksBuildPhase;
			buildActionMask = 2147483647;
			files = (
				F17476F9B7E191CC96EEDAAC /* Pods_techtrain_book_reviewer_mvvmTests.framework in Frameworks */,
			);
			runOnlyForDeploymentPostprocessing = 0;
		};
		1BF12C522D1E4CC2006B5C34 /* Frameworks */ = {
			isa = PBXFrameworksBuildPhase;
			buildActionMask = 2147483647;
			files = (
				46A7670B93DF75C79E15F1B2 /* Pods_techtrain_book_reviewer_mvvmUITests.framework in Frameworks */,
			);
			runOnlyForDeploymentPostprocessing = 0;
		};
/* End PBXFrameworksBuildPhase section */

/* Begin PBXGroup section */
		1BF12C282D1E4CBF006B5C34 = {
			isa = PBXGroup;
			children = (
				1BF12C332D1E4CBF006B5C34 /* techtrain_book_reviewer_mvvm */,
				1BF12C4E2D1E4CC2006B5C34 /* techtrain_book_reviewer_mvvmTests */,
				1BF12C582D1E4CC2006B5C34 /* techtrain_book_reviewer_mvvmUITests */,
				1BF12C322D1E4CBF006B5C34 /* Products */,
				9129A04472DE6C3B7D7774B5 /* Pods */,
				EC5822D0946F0544BD5EF031 /* Frameworks */,
			);
			sourceTree = "<group>";
		};
		1BF12C322D1E4CBF006B5C34 /* Products */ = {
			isa = PBXGroup;
			children = (
				1BF12C312D1E4CBF006B5C34 /* techtrain_book_reviewer_mvvm.app */,
				1BF12C4B2D1E4CC2006B5C34 /* techtrain_book_reviewer_mvvmTests.xctest */,
				1BF12C552D1E4CC2006B5C34 /* techtrain_book_reviewer_mvvmUITests.xctest */,
			);
			name = Products;
			sourceTree = "<group>";
		};
		9129A04472DE6C3B7D7774B5 /* Pods */ = {
			isa = PBXGroup;
			children = (
				EE9997E17577F579D8E56373 /* Pods-techtrain_book_reviewer_mvvm.debug.xcconfig */,
				A1B621810F2A57D0B6B1745C /* Pods-techtrain_book_reviewer_mvvm.release.xcconfig */,
				6D1096BBF4C74C7EACC74AE0 /* Pods-techtrain_book_reviewer_mvvm-techtrain_book_reviewer_mvvmUITests.debug.xcconfig */,
				A92073706E46FC1EC786C376 /* Pods-techtrain_book_reviewer_mvvm-techtrain_book_reviewer_mvvmUITests.release.xcconfig */,
				967F42283F77034799B58541 /* Pods-techtrain_book_reviewer_mvvmTests.debug.xcconfig */,
				FEE85476DA66F710E16070E0 /* Pods-techtrain_book_reviewer_mvvmTests.release.xcconfig */,
				D7E62ACFD05C4698FDB5ED9F /* Pods-techtrain_book_reviewer_mvvmUITests.debug.xcconfig */,
				747DFFE4DC119F874DF7ADBF /* Pods-techtrain_book_reviewer_mvvmUITests.release.xcconfig */,
			);
			path = Pods;
			sourceTree = "<group>";
		};
		EC5822D0946F0544BD5EF031 /* Frameworks */ = {
			isa = PBXGroup;
			children = (
				B1AC6CF2D8045C6F1F08C426 /* Pods_techtrain_book_reviewer_mvvm.framework */,
				6B3CEA8BE011CFFD55724B36 /* Pods_techtrain_book_reviewer_mvvmTests.framework */,
				5D2630883855EE35B295D065 /* Pods_techtrain_book_reviewer_mvvmUITests.framework */,
			);
			name = Frameworks;
			sourceTree = "<group>";
		};
/* End PBXGroup section */

/* Begin PBXNativeTarget section */
		1BF12C302D1E4CBF006B5C34 /* techtrain_book_reviewer_mvvm */ = {
			isa = PBXNativeTarget;
			buildConfigurationList = 1BF12C5E2D1E4CC2006B5C34 /* Build configuration list for PBXNativeTarget "techtrain_book_reviewer_mvvm" */;
			buildPhases = (
				167D19E6592522527B038507 /* [CP] Check Pods Manifest.lock */,
				1BF12C2D2D1E4CBF006B5C34 /* Sources */,
				1BF12C2E2D1E4CBF006B5C34 /* Frameworks */,
				1BF12C2F2D1E4CBF006B5C34 /* Resources */,
				708850A91065F304634D6A4A /* [CP] Embed Pods Frameworks */,
			);
			buildRules = (
			);
			dependencies = (
			);
			fileSystemSynchronizedGroups = (
				1BF12C332D1E4CBF006B5C34 /* techtrain_book_reviewer_mvvm */,
			);
			name = techtrain_book_reviewer_mvvm;
			productName = techtrain_book_reviewer_mvvm;
			productReference = 1BF12C312D1E4CBF006B5C34 /* techtrain_book_reviewer_mvvm.app */;
			productType = "com.apple.product-type.application";
		};
		1BF12C4A2D1E4CC2006B5C34 /* techtrain_book_reviewer_mvvmTests */ = {
			isa = PBXNativeTarget;
			buildConfigurationList = 1BF12C632D1E4CC2006B5C34 /* Build configuration list for PBXNativeTarget "techtrain_book_reviewer_mvvmTests" */;
			buildPhases = (
				CB9A0DEC01C3EB5DAA2D5678 /* [CP] Check Pods Manifest.lock */,
				1BF12C472D1E4CC2006B5C34 /* Sources */,
				1BF12C482D1E4CC2006B5C34 /* Frameworks */,
				1BF12C492D1E4CC2006B5C34 /* Resources */,
				D3F08E709ED69E7ABBA8565E /* [CP] Embed Pods Frameworks */,
			);
			buildRules = (
			);
			dependencies = (
				1BF12C4D2D1E4CC2006B5C34 /* PBXTargetDependency */,
			);
			fileSystemSynchronizedGroups = (
				1BF12C4E2D1E4CC2006B5C34 /* techtrain_book_reviewer_mvvmTests */,
			);
			name = techtrain_book_reviewer_mvvmTests;
			productName = techtrain_book_reviewer_mvvmTests;
			productReference = 1BF12C4B2D1E4CC2006B5C34 /* techtrain_book_reviewer_mvvmTests.xctest */;
			productType = "com.apple.product-type.bundle.unit-test";
		};
		1BF12C542D1E4CC2006B5C34 /* techtrain_book_reviewer_mvvmUITests */ = {
			isa = PBXNativeTarget;
			buildConfigurationList = 1BF12C662D1E4CC2006B5C34 /* Build configuration list for PBXNativeTarget "techtrain_book_reviewer_mvvmUITests" */;
			buildPhases = (
				2D76BEF29E97E2633C159FCA /* [CP] Check Pods Manifest.lock */,
				1BF12C512D1E4CC2006B5C34 /* Sources */,
				1BF12C522D1E4CC2006B5C34 /* Frameworks */,
				1BF12C532D1E4CC2006B5C34 /* Resources */,
			);
			buildRules = (
			);
			dependencies = (
				1BF12C572D1E4CC2006B5C34 /* PBXTargetDependency */,
			);
			fileSystemSynchronizedGroups = (
				1BF12C582D1E4CC2006B5C34 /* techtrain_book_reviewer_mvvmUITests */,
			);
			name = techtrain_book_reviewer_mvvmUITests;
			productName = techtrain_book_reviewer_mvvmUITests;
			productReference = 1BF12C552D1E4CC2006B5C34 /* techtrain_book_reviewer_mvvmUITests.xctest */;
			productType = "com.apple.product-type.bundle.ui-testing";
		};
/* End PBXNativeTarget section */

/* Begin PBXProject section */
		1BF12C292D1E4CBF006B5C34 /* Project object */ = {
			isa = PBXProject;
			attributes = {
				BuildIndependentTargetsInParallel = 1;
				LastSwiftUpdateCheck = 1600;
				LastUpgradeCheck = 1600;
				TargetAttributes = {
					1BF12C302D1E4CBF006B5C34 = {
						CreatedOnToolsVersion = 16.0;
					};
					1BF12C4A2D1E4CC2006B5C34 = {
						CreatedOnToolsVersion = 16.0;
						TestTargetID = 1BF12C302D1E4CBF006B5C34;
					};
					1BF12C542D1E4CC2006B5C34 = {
						CreatedOnToolsVersion = 16.0;
						TestTargetID = 1BF12C302D1E4CBF006B5C34;
					};
				};
			};
			buildConfigurationList = 1BF12C2C2D1E4CBF006B5C34 /* Build configuration list for PBXProject "techtrain_book_reviewer_mvvm" */;
			developmentRegion = en;
			hasScannedForEncodings = 0;
			knownRegions = (
				en,
				Base,
			);
			mainGroup = 1BF12C282D1E4CBF006B5C34;
			minimizedProjectReferenceProxies = 1;
			preferredProjectObjectVersion = 77;
			productRefGroup = 1BF12C322D1E4CBF006B5C34 /* Products */;
			projectDirPath = "";
			projectRoot = "";
			targets = (
				1BF12C302D1E4CBF006B5C34 /* techtrain_book_reviewer_mvvm */,
				1BF12C4A2D1E4CC2006B5C34 /* techtrain_book_reviewer_mvvmTests */,
				1BF12C542D1E4CC2006B5C34 /* techtrain_book_reviewer_mvvmUITests */,
			);
		};
/* End PBXProject section */

/* Begin PBXResourcesBuildPhase section */
		1BF12C2F2D1E4CBF006B5C34 /* Resources */ = {
			isa = PBXResourcesBuildPhase;
			buildActionMask = 2147483647;
			files = (
			);
			runOnlyForDeploymentPostprocessing = 0;
		};
		1BF12C492D1E4CC2006B5C34 /* Resources */ = {
			isa = PBXResourcesBuildPhase;
			buildActionMask = 2147483647;
			files = (
			);
			runOnlyForDeploymentPostprocessing = 0;
		};
		1BF12C532D1E4CC2006B5C34 /* Resources */ = {
			isa = PBXResourcesBuildPhase;
			buildActionMask = 2147483647;
			files = (
			);
			runOnlyForDeploymentPostprocessing = 0;
		};
/* End PBXResourcesBuildPhase section */

/* Begin PBXShellScriptBuildPhase section */
		167D19E6592522527B038507 /* [CP] Check Pods Manifest.lock */ = {
			isa = PBXShellScriptBuildPhase;
			buildActionMask = 2147483647;
			files = (
			);
			inputFileListPaths = (
			);
			inputPaths = (
				"${PODS_PODFILE_DIR_PATH}/Podfile.lock",
				"${PODS_ROOT}/Manifest.lock",
			);
			name = "[CP] Check Pods Manifest.lock";
			outputFileListPaths = (
			);
			outputPaths = (
				"$(DERIVED_FILE_DIR)/Pods-techtrain_book_reviewer_mvvm-checkManifestLockResult.txt",
			);
			runOnlyForDeploymentPostprocessing = 0;
			shellPath = /bin/sh;
			shellScript = "diff \"${PODS_PODFILE_DIR_PATH}/Podfile.lock\" \"${PODS_ROOT}/Manifest.lock\" > /dev/null\nif [ $? != 0 ] ; then\n    # print error to STDERR\n    echo \"error: The sandbox is not in sync with the Podfile.lock. Run 'pod install' or update your CocoaPods installation.\" >&2\n    exit 1\nfi\n# This output is used by Xcode 'outputs' to avoid re-running this script phase.\necho \"SUCCESS\" > \"${SCRIPT_OUTPUT_FILE_0}\"\n";
			showEnvVarsInLog = 0;
		};
		2D76BEF29E97E2633C159FCA /* [CP] Check Pods Manifest.lock */ = {
			isa = PBXShellScriptBuildPhase;
			buildActionMask = 2147483647;
			files = (
			);
			inputFileListPaths = (
			);
			inputPaths = (
				"${PODS_PODFILE_DIR_PATH}/Podfile.lock",
				"${PODS_ROOT}/Manifest.lock",
			);
			name = "[CP] Check Pods Manifest.lock";
			outputFileListPaths = (
			);
			outputPaths = (
				"$(DERIVED_FILE_DIR)/Pods-techtrain_book_reviewer_mvvmUITests-checkManifestLockResult.txt",
			);
			runOnlyForDeploymentPostprocessing = 0;
			shellPath = /bin/sh;
			shellScript = "diff \"${PODS_PODFILE_DIR_PATH}/Podfile.lock\" \"${PODS_ROOT}/Manifest.lock\" > /dev/null\nif [ $? != 0 ] ; then\n    # print error to STDERR\n    echo \"error: The sandbox is not in sync with the Podfile.lock. Run 'pod install' or update your CocoaPods installation.\" >&2\n    exit 1\nfi\n# This output is used by Xcode 'outputs' to avoid re-running this script phase.\necho \"SUCCESS\" > \"${SCRIPT_OUTPUT_FILE_0}\"\n";
			showEnvVarsInLog = 0;
		};
		708850A91065F304634D6A4A /* [CP] Embed Pods Frameworks */ = {
			isa = PBXShellScriptBuildPhase;
			buildActionMask = 2147483647;
			files = (
			);
			inputFileListPaths = (
				"${PODS_ROOT}/Target Support Files/Pods-techtrain_book_reviewer_mvvm/Pods-techtrain_book_reviewer_mvvm-frameworks-${CONFIGURATION}-input-files.xcfilelist",
			);
			name = "[CP] Embed Pods Frameworks";
			outputFileListPaths = (
				"${PODS_ROOT}/Target Support Files/Pods-techtrain_book_reviewer_mvvm/Pods-techtrain_book_reviewer_mvvm-frameworks-${CONFIGURATION}-output-files.xcfilelist",
			);
			runOnlyForDeploymentPostprocessing = 0;
			shellPath = /bin/sh;
			shellScript = "\"${PODS_ROOT}/Target Support Files/Pods-techtrain_book_reviewer_mvvm/Pods-techtrain_book_reviewer_mvvm-frameworks.sh\"\n";
			showEnvVarsInLog = 0;
		};
		CB9A0DEC01C3EB5DAA2D5678 /* [CP] Check Pods Manifest.lock */ = {
			isa = PBXShellScriptBuildPhase;
			buildActionMask = 2147483647;
			files = (
			);
			inputFileListPaths = (
			);
			inputPaths = (
				"${PODS_PODFILE_DIR_PATH}/Podfile.lock",
				"${PODS_ROOT}/Manifest.lock",
			);
			name = "[CP] Check Pods Manifest.lock";
			outputFileListPaths = (
			);
			outputPaths = (
				"$(DERIVED_FILE_DIR)/Pods-techtrain_book_reviewer_mvvmTests-checkManifestLockResult.txt",
			);
			runOnlyForDeploymentPostprocessing = 0;
			shellPath = /bin/sh;
			shellScript = "diff \"${PODS_PODFILE_DIR_PATH}/Podfile.lock\" \"${PODS_ROOT}/Manifest.lock\" > /dev/null\nif [ $? != 0 ] ; then\n    # print error to STDERR\n    echo \"error: The sandbox is not in sync with the Podfile.lock. Run 'pod install' or update your CocoaPods installation.\" >&2\n    exit 1\nfi\n# This output is used by Xcode 'outputs' to avoid re-running this script phase.\necho \"SUCCESS\" > \"${SCRIPT_OUTPUT_FILE_0}\"\n";
			showEnvVarsInLog = 0;
		};
		D3F08E709ED69E7ABBA8565E /* [CP] Embed Pods Frameworks */ = {
			isa = PBXShellScriptBuildPhase;
			buildActionMask = 2147483647;
			files = (
			);
			inputFileListPaths = (
				"${PODS_ROOT}/Target Support Files/Pods-techtrain_book_reviewer_mvvmTests/Pods-techtrain_book_reviewer_mvvmTests-frameworks-${CONFIGURATION}-input-files.xcfilelist",
			);
			name = "[CP] Embed Pods Frameworks";
			outputFileListPaths = (
				"${PODS_ROOT}/Target Support Files/Pods-techtrain_book_reviewer_mvvmTests/Pods-techtrain_book_reviewer_mvvmTests-frameworks-${CONFIGURATION}-output-files.xcfilelist",
			);
			runOnlyForDeploymentPostprocessing = 0;
			shellPath = /bin/sh;
			shellScript = "\"${PODS_ROOT}/Target Support Files/Pods-techtrain_book_reviewer_mvvmTests/Pods-techtrain_book_reviewer_mvvmTests-frameworks.sh\"\n";
			showEnvVarsInLog = 0;
		};
/* End PBXShellScriptBuildPhase section */

/* Begin PBXSourcesBuildPhase section */
		1BF12C2D2D1E4CBF006B5C34 /* Sources */ = {
			isa = PBXSourcesBuildPhase;
			buildActionMask = 2147483647;
			files = (
			);
			runOnlyForDeploymentPostprocessing = 0;
		};
		1BF12C472D1E4CC2006B5C34 /* Sources */ = {
			isa = PBXSourcesBuildPhase;
			buildActionMask = 2147483647;
			files = (
			);
			runOnlyForDeploymentPostprocessing = 0;
		};
		1BF12C512D1E4CC2006B5C34 /* Sources */ = {
			isa = PBXSourcesBuildPhase;
			buildActionMask = 2147483647;
			files = (
			);
			runOnlyForDeploymentPostprocessing = 0;
		};
/* End PBXSourcesBuildPhase section */

/* Begin PBXTargetDependency section */
		1BF12C4D2D1E4CC2006B5C34 /* PBXTargetDependency */ = {
			isa = PBXTargetDependency;
			target = 1BF12C302D1E4CBF006B5C34 /* techtrain_book_reviewer_mvvm */;
			targetProxy = 1BF12C4C2D1E4CC2006B5C34 /* PBXContainerItemProxy */;
		};
		1BF12C572D1E4CC2006B5C34 /* PBXTargetDependency */ = {
			isa = PBXTargetDependency;
			target = 1BF12C302D1E4CBF006B5C34 /* techtrain_book_reviewer_mvvm */;
			targetProxy = 1BF12C562D1E4CC2006B5C34 /* PBXContainerItemProxy */;
		};
/* End PBXTargetDependency section */

/* Begin XCBuildConfiguration section */
		1BF12C5F2D1E4CC2006B5C34 /* Debug */ = {
			isa = XCBuildConfiguration;
			baseConfigurationReference = EE9997E17577F579D8E56373 /* Pods-techtrain_book_reviewer_mvvm.debug.xcconfig */;
			buildSettings = {
				ASSETCATALOG_COMPILER_APPICON_NAME = AppIcon;
				ASSETCATALOG_COMPILER_GLOBAL_ACCENT_COLOR_NAME = AccentColor;
				CODE_SIGN_ENTITLEMENTS = techtrain_book_reviewer_mvvm/techtrain_book_reviewer_mvvm.entitlements;
				CODE_SIGN_STYLE = Automatic;
				CURRENT_PROJECT_VERSION = 1;
				DEVELOPMENT_TEAM = 2A7R4ZP8WU;
				GENERATE_INFOPLIST_FILE = YES;
				INFOPLIST_FILE = techtrain_book_reviewer_mvvm/Info.plist;
				INFOPLIST_KEY_UIApplicationSupportsIndirectInputEvents = YES;
				INFOPLIST_KEY_UILaunchStoryboardName = LaunchScreen;
				INFOPLIST_KEY_UISupportedInterfaceOrientations_iPad = "UIInterfaceOrientationPortrait UIInterfaceOrientationPortraitUpsideDown UIInterfaceOrientationLandscapeLeft UIInterfaceOrientationLandscapeRight";
				INFOPLIST_KEY_UISupportedInterfaceOrientations_iPhone = "UIInterfaceOrientationPortrait UIInterfaceOrientationLandscapeLeft UIInterfaceOrientationLandscapeRight";
				IPHONEOS_DEPLOYMENT_TARGET = 15.0;
				LD_RUNPATH_SEARCH_PATHS = (
					"$(inherited)",
					"@executable_path/Frameworks",
				);
				MARKETING_VERSION = 1.0;
				PRODUCT_BUNDLE_IDENTIFIER = "com.akitorahayashi.techtrain-book-reviewer-mvvm";
				PRODUCT_NAME = "$(TARGET_NAME)";
				SWIFT_EMIT_LOC_STRINGS = YES;
				SWIFT_VERSION = 5.0;
				TARGETED_DEVICE_FAMILY = "1,2";
			};
			name = Debug;
		};
		1BF12C602D1E4CC2006B5C34 /* Release */ = {
			isa = XCBuildConfiguration;
			baseConfigurationReference = A1B621810F2A57D0B6B1745C /* Pods-techtrain_book_reviewer_mvvm.release.xcconfig */;
			buildSettings = {
				ASSETCATALOG_COMPILER_APPICON_NAME = AppIcon;
				ASSETCATALOG_COMPILER_GLOBAL_ACCENT_COLOR_NAME = AccentColor;
				CODE_SIGN_ENTITLEMENTS = techtrain_book_reviewer_mvvm/techtrain_book_reviewer_mvvm.entitlements;
				CODE_SIGN_STYLE = Automatic;
				CURRENT_PROJECT_VERSION = 1;
				DEVELOPMENT_TEAM = 2A7R4ZP8WU;
				GENERATE_INFOPLIST_FILE = YES;
				INFOPLIST_FILE = techtrain_book_reviewer_mvvm/Info.plist;
				INFOPLIST_KEY_UIApplicationSupportsIndirectInputEvents = YES;
				INFOPLIST_KEY_UILaunchStoryboardName = LaunchScreen;
				INFOPLIST_KEY_UISupportedInterfaceOrientations_iPad = "UIInterfaceOrientationPortrait UIInterfaceOrientationPortraitUpsideDown UIInterfaceOrientationLandscapeLeft UIInterfaceOrientationLandscapeRight";
				INFOPLIST_KEY_UISupportedInterfaceOrientations_iPhone = "UIInterfaceOrientationPortrait UIInterfaceOrientationLandscapeLeft UIInterfaceOrientationLandscapeRight";
				IPHONEOS_DEPLOYMENT_TARGET = 15.0;
				LD_RUNPATH_SEARCH_PATHS = (
					"$(inherited)",
					"@executable_path/Frameworks",
				);
				MARKETING_VERSION = 1.0;
				PRODUCT_BUNDLE_IDENTIFIER = "com.akitorahayashi.techtrain-book-reviewer-mvvm";
				PRODUCT_NAME = "$(TARGET_NAME)";
				SWIFT_EMIT_LOC_STRINGS = YES;
				SWIFT_VERSION = 5.0;
				TARGETED_DEVICE_FAMILY = "1,2";
			};
			name = Release;
		};
		1BF12C612D1E4CC2006B5C34 /* Debug */ = {
			isa = XCBuildConfiguration;
			buildSettings = {
				ALWAYS_SEARCH_USER_PATHS = NO;
				ASSETCATALOG_COMPILER_GENERATE_SWIFT_ASSET_SYMBOL_EXTENSIONS = YES;
				CLANG_ANALYZER_NONNULL = YES;
				CLANG_ANALYZER_NUMBER_OBJECT_CONVERSION = YES_AGGRESSIVE;
				CLANG_CXX_LANGUAGE_STANDARD = "gnu++20";
				CLANG_ENABLE_MODULES = YES;
				CLANG_ENABLE_OBJC_ARC = YES;
				CLANG_ENABLE_OBJC_WEAK = YES;
				CLANG_WARN_BLOCK_CAPTURE_AUTORELEASING = YES;
				CLANG_WARN_BOOL_CONVERSION = YES;
				CLANG_WARN_COMMA = YES;
				CLANG_WARN_CONSTANT_CONVERSION = YES;
				CLANG_WARN_DEPRECATED_OBJC_IMPLEMENTATIONS = YES;
				CLANG_WARN_DIRECT_OBJC_ISA_USAGE = YES_ERROR;
				CLANG_WARN_DOCUMENTATION_COMMENTS = YES;
				CLANG_WARN_EMPTY_BODY = YES;
				CLANG_WARN_ENUM_CONVERSION = YES;
				CLANG_WARN_INFINITE_RECURSION = YES;
				CLANG_WARN_INT_CONVERSION = YES;
				CLANG_WARN_NON_LITERAL_NULL_CONVERSION = YES;
				CLANG_WARN_OBJC_IMPLICIT_RETAIN_SELF = YES;
				CLANG_WARN_OBJC_LITERAL_CONVERSION = YES;
				CLANG_WARN_OBJC_ROOT_CLASS = YES_ERROR;
				CLANG_WARN_QUOTED_INCLUDE_IN_FRAMEWORK_HEADER = YES;
				CLANG_WARN_RANGE_LOOP_ANALYSIS = YES;
				CLANG_WARN_STRICT_PROTOTYPES = YES;
				CLANG_WARN_SUSPICIOUS_MOVE = YES;
				CLANG_WARN_UNGUARDED_AVAILABILITY = YES_AGGRESSIVE;
				CLANG_WARN_UNREACHABLE_CODE = YES;
				CLANG_WARN__DUPLICATE_METHOD_MATCH = YES;
				COPY_PHASE_STRIP = NO;
				DEBUG_INFORMATION_FORMAT = dwarf;
				ENABLE_STRICT_OBJC_MSGSEND = YES;
				ENABLE_TESTABILITY = YES;
				ENABLE_USER_SCRIPT_SANDBOXING = YES;
				GCC_C_LANGUAGE_STANDARD = gnu17;
				GCC_DYNAMIC_NO_PIC = NO;
				GCC_NO_COMMON_BLOCKS = YES;
				GCC_OPTIMIZATION_LEVEL = 0;
				GCC_PREPROCESSOR_DEFINITIONS = (
					"DEBUG=1",
					"$(inherited)",
				);
				GCC_WARN_64_TO_32_BIT_CONVERSION = YES;
				GCC_WARN_ABOUT_RETURN_TYPE = YES_ERROR;
				GCC_WARN_UNDECLARED_SELECTOR = YES;
				GCC_WARN_UNINITIALIZED_AUTOS = YES_AGGRESSIVE;
				GCC_WARN_UNUSED_FUNCTION = YES;
				GCC_WARN_UNUSED_VARIABLE = YES;
				IPHONEOS_DEPLOYMENT_TARGET = 18.0;
				LOCALIZATION_PREFERS_STRING_CATALOGS = YES;
				MTL_ENABLE_DEBUG_INFO = INCLUDE_SOURCE;
				MTL_FAST_MATH = YES;
				ONLY_ACTIVE_ARCH = YES;
				SDKROOT = iphoneos;
				SWIFT_ACTIVE_COMPILATION_CONDITIONS = "DEBUG $(inherited)";
				SWIFT_OPTIMIZATION_LEVEL = "-Onone";
			};
			name = Debug;
		};
		1BF12C622D1E4CC2006B5C34 /* Release */ = {
			isa = XCBuildConfiguration;
			buildSettings = {
				ALWAYS_SEARCH_USER_PATHS = NO;
				ASSETCATALOG_COMPILER_GENERATE_SWIFT_ASSET_SYMBOL_EXTENSIONS = YES;
				CLANG_ANALYZER_NONNULL = YES;
				CLANG_ANALYZER_NUMBER_OBJECT_CONVERSION = YES_AGGRESSIVE;
				CLANG_CXX_LANGUAGE_STANDARD = "gnu++20";
				CLANG_ENABLE_MODULES = YES;
				CLANG_ENABLE_OBJC_ARC = YES;
				CLANG_ENABLE_OBJC_WEAK = YES;
				CLANG_WARN_BLOCK_CAPTURE_AUTORELEASING = YES;
				CLANG_WARN_BOOL_CONVERSION = YES;
				CLANG_WARN_COMMA = YES;
				CLANG_WARN_CONSTANT_CONVERSION = YES;
				CLANG_WARN_DEPRECATED_OBJC_IMPLEMENTATIONS = YES;
				CLANG_WARN_DIRECT_OBJC_ISA_USAGE = YES_ERROR;
				CLANG_WARN_DOCUMENTATION_COMMENTS = YES;
				CLANG_WARN_EMPTY_BODY = YES;
				CLANG_WARN_ENUM_CONVERSION = YES;
				CLANG_WARN_INFINITE_RECURSION = YES;
				CLANG_WARN_INT_CONVERSION = YES;
				CLANG_WARN_NON_LITERAL_NULL_CONVERSION = YES;
				CLANG_WARN_OBJC_IMPLICIT_RETAIN_SELF = YES;
				CLANG_WARN_OBJC_LITERAL_CONVERSION = YES;
				CLANG_WARN_OBJC_ROOT_CLASS = YES_ERROR;
				CLANG_WARN_QUOTED_INCLUDE_IN_FRAMEWORK_HEADER = YES;
				CLANG_WARN_RANGE_LOOP_ANALYSIS = YES;
				CLANG_WARN_STRICT_PROTOTYPES = YES;
				CLANG_WARN_SUSPICIOUS_MOVE = YES;
				CLANG_WARN_UNGUARDED_AVAILABILITY = YES_AGGRESSIVE;
				CLANG_WARN_UNREACHABLE_CODE = YES;
				CLANG_WARN__DUPLICATE_METHOD_MATCH = YES;
				COPY_PHASE_STRIP = NO;
				DEBUG_INFORMATION_FORMAT = "dwarf-with-dsym";
				ENABLE_NS_ASSERTIONS = NO;
				ENABLE_STRICT_OBJC_MSGSEND = YES;
				ENABLE_USER_SCRIPT_SANDBOXING = YES;
				GCC_C_LANGUAGE_STANDARD = gnu17;
				GCC_NO_COMMON_BLOCKS = YES;
				GCC_WARN_64_TO_32_BIT_CONVERSION = YES;
				GCC_WARN_ABOUT_RETURN_TYPE = YES_ERROR;
				GCC_WARN_UNDECLARED_SELECTOR = YES;
				GCC_WARN_UNINITIALIZED_AUTOS = YES_AGGRESSIVE;
				GCC_WARN_UNUSED_FUNCTION = YES;
				GCC_WARN_UNUSED_VARIABLE = YES;
				IPHONEOS_DEPLOYMENT_TARGET = 18.0;
				LOCALIZATION_PREFERS_STRING_CATALOGS = YES;
				MTL_ENABLE_DEBUG_INFO = NO;
				MTL_FAST_MATH = YES;
				SDKROOT = iphoneos;
				SWIFT_COMPILATION_MODE = wholemodule;
				VALIDATE_PRODUCT = YES;
			};
			name = Release;
		};
		1BF12C642D1E4CC2006B5C34 /* Debug */ = {
			isa = XCBuildConfiguration;
			baseConfigurationReference = 967F42283F77034799B58541 /* Pods-techtrain_book_reviewer_mvvmTests.debug.xcconfig */;
			buildSettings = {
				BUNDLE_LOADER = "$(TEST_HOST)";
				CODE_SIGN_STYLE = Automatic;
				CURRENT_PROJECT_VERSION = 1;
				DEVELOPMENT_TEAM = 2A7R4ZP8WU;
				GENERATE_INFOPLIST_FILE = YES;
				IPHONEOS_DEPLOYMENT_TARGET = 18.0;
				MARKETING_VERSION = 1.0;
				PRODUCT_BUNDLE_IDENTIFIER = "com.akitorahayashi.techtrain-book-reviewer-mvvmTests";
				PRODUCT_NAME = "$(TARGET_NAME)";
				SWIFT_EMIT_LOC_STRINGS = NO;
				SWIFT_VERSION = 5.0;
				TARGETED_DEVICE_FAMILY = "1,2";
				TEST_HOST = "$(BUILT_PRODUCTS_DIR)/techtrain_book_reviewer_mvvm.app/$(BUNDLE_EXECUTABLE_FOLDER_PATH)/techtrain_book_reviewer_mvvm";
			};
			name = Debug;
		};
		1BF12C652D1E4CC2006B5C34 /* Release */ = {
			isa = XCBuildConfiguration;
			baseConfigurationReference = FEE85476DA66F710E16070E0 /* Pods-techtrain_book_reviewer_mvvmTests.release.xcconfig */;
			buildSettings = {
				BUNDLE_LOADER = "$(TEST_HOST)";
				CODE_SIGN_STYLE = Automatic;
				CURRENT_PROJECT_VERSION = 1;
				DEVELOPMENT_TEAM = 2A7R4ZP8WU;
				GENERATE_INFOPLIST_FILE = YES;
				IPHONEOS_DEPLOYMENT_TARGET = 18.0;
				MARKETING_VERSION = 1.0;
				PRODUCT_BUNDLE_IDENTIFIER = "com.akitorahayashi.techtrain-book-reviewer-mvvmTests";
				PRODUCT_NAME = "$(TARGET_NAME)";
				SWIFT_EMIT_LOC_STRINGS = NO;
				SWIFT_VERSION = 5.0;
				TARGETED_DEVICE_FAMILY = "1,2";
				TEST_HOST = "$(BUILT_PRODUCTS_DIR)/techtrain_book_reviewer_mvvm.app/$(BUNDLE_EXECUTABLE_FOLDER_PATH)/techtrain_book_reviewer_mvvm";
			};
			name = Release;
		};
		1BF12C672D1E4CC2006B5C34 /* Debug */ = {
			isa = XCBuildConfiguration;
			baseConfigurationReference = D7E62ACFD05C4698FDB5ED9F /* Pods-techtrain_book_reviewer_mvvmUITests.debug.xcconfig */;
			buildSettings = {
				CODE_SIGN_STYLE = Automatic;
				CURRENT_PROJECT_VERSION = 1;
				DEVELOPMENT_TEAM = 2A7R4ZP8WU;
				GENERATE_INFOPLIST_FILE = YES;
				MARKETING_VERSION = 1.0;
				PRODUCT_BUNDLE_IDENTIFIER = "com.akitorahayashi.techtrain-book-reviewer-mvvmUITests";
				PRODUCT_NAME = "$(TARGET_NAME)";
				SWIFT_EMIT_LOC_STRINGS = NO;
				SWIFT_VERSION = 5.0;
				TARGETED_DEVICE_FAMILY = "1,2";
				TEST_TARGET_NAME = techtrain_book_reviewer_mvvm;
			};
			name = Debug;
		};
		1BF12C682D1E4CC2006B5C34 /* Release */ = {
			isa = XCBuildConfiguration;
			baseConfigurationReference = 747DFFE4DC119F874DF7ADBF /* Pods-techtrain_book_reviewer_mvvmUITests.release.xcconfig */;
			buildSettings = {
				CODE_SIGN_STYLE = Automatic;
				CURRENT_PROJECT_VERSION = 1;
				DEVELOPMENT_TEAM = 2A7R4ZP8WU;
				GENERATE_INFOPLIST_FILE = YES;
				MARKETING_VERSION = 1.0;
				PRODUCT_BUNDLE_IDENTIFIER = "com.akitorahayashi.techtrain-book-reviewer-mvvmUITests";
				PRODUCT_NAME = "$(TARGET_NAME)";
				SWIFT_EMIT_LOC_STRINGS = NO;
				SWIFT_VERSION = 5.0;
				TARGETED_DEVICE_FAMILY = "1,2";
				TEST_TARGET_NAME = techtrain_book_reviewer_mvvm;
			};
			name = Release;
		};
/* End XCBuildConfiguration section */

/* Begin XCConfigurationList section */
		1BF12C2C2D1E4CBF006B5C34 /* Build configuration list for PBXProject "techtrain_book_reviewer_mvvm" */ = {
			isa = XCConfigurationList;
			buildConfigurations = (
				1BF12C612D1E4CC2006B5C34 /* Debug */,
				1BF12C622D1E4CC2006B5C34 /* Release */,
			);
			defaultConfigurationIsVisible = 0;
			defaultConfigurationName = Release;
		};
		1BF12C5E2D1E4CC2006B5C34 /* Build configuration list for PBXNativeTarget "techtrain_book_reviewer_mvvm" */ = {
			isa = XCConfigurationList;
			buildConfigurations = (
				1BF12C5F2D1E4CC2006B5C34 /* Debug */,
				1BF12C602D1E4CC2006B5C34 /* Release */,
			);
			defaultConfigurationIsVisible = 0;
			defaultConfigurationName = Release;
		};
		1BF12C632D1E4CC2006B5C34 /* Build configuration list for PBXNativeTarget "techtrain_book_reviewer_mvvmTests" */ = {
			isa = XCConfigurationList;
			buildConfigurations = (
				1BF12C642D1E4CC2006B5C34 /* Debug */,
				1BF12C652D1E4CC2006B5C34 /* Release */,
			);
			defaultConfigurationIsVisible = 0;
			defaultConfigurationName = Release;
		};
		1BF12C662D1E4CC2006B5C34 /* Build configuration list for PBXNativeTarget "techtrain_book_reviewer_mvvmUITests" */ = {
			isa = XCConfigurationList;
			buildConfigurations = (
				1BF12C672D1E4CC2006B5C34 /* Debug */,
				1BF12C682D1E4CC2006B5C34 /* Release */,
			);
			defaultConfigurationIsVisible = 0;
			defaultConfigurationName = Release;
		};
/* End XCConfigurationList section */
	};
	rootObject = 1BF12C292D1E4CBF006B5C34 /* Project object */;
}
